
Microsoft Visual Studio Solution File, Format Version 12.00
# Visual Studio Version 17
VisualStudioVersion = 17.9.34622.214
MinimumVisualStudioVersion = 10.0.40219.1
Project("{9A19103F-16F7-4668-BE54-9A1E7A4F7556}") = "LAB3", "LAB3\LAB3.csproj", "{EF71D267-5C86-4526-9A25-A495CEE8D186}"
	ProjectSection(ProjectDependencies) = postProject
		{360E82D3-CD3D-47C8-AD33-DACDFEECC781} = {360E82D3-CD3D-47C8-AD33-DACDFEECC781}
		{B71FE902-42EA-4233-B0ED-16A74DA48C98} = {B71FE902-42EA-4233-B0ED-16A74DA48C98}
	EndProjectSection
EndProject
Project("{9A19103F-16F7-4668-BE54-9A1E7A4F7556}") = "PrzerobkaObrazow", "PrzerobkaObrazow\PrzerobkaObrazow.csproj", "{B71FE902-42EA-4233-B0ED-16A74DA48C98}"
EndProject
Project("{FAE04EC0-301F-11D3-BF4B-00C04F79EFBC}") = "PrzetwarzanieObrazow", "PrzetwarzanieObrazow\PrzetwarzanieObrazow.csproj", "{360E82D3-CD3D-47C8-AD33-DACDFEECC781}"
EndProject
Global
	GlobalSection(SolutionConfigurationPlatforms) = preSolution
		Debug|Any CPU = Debug|Any CPU
		Release|Any CPU = Release|Any CPU
	EndGlobalSection
	GlobalSection(ProjectConfigurationPlatforms) = postSolution
		{EF71D267-5C86-4526-9A25-A495CEE8D186}.Debug|Any CPU.ActiveCfg = Debug|Any CPU
		{EF71D267-5C86-4526-9A25-A495CEE8D186}.Debug|Any CPU.Build.0 = Debug|Any CPU
		{EF71D267-5C86-4526-9A25-A495CEE8D186}.Release|Any CPU.ActiveCfg = Release|Any CPU
		{EF71D267-5C86-4526-9A25-A495CEE8D186}.Release|Any CPU.Build.0 = Release|Any CPU
		{B71FE902-42EA-4233-B0ED-16A74DA48C98}.Debug|Any CPU.ActiveCfg = Debug|Any CPU
		{B71FE902-42EA-4233-B0ED-16A74DA48C98}.Debug|Any CPU.Build.0 = Debug|Any CPU
		{B71FE902-42EA-4233-B0ED-16A74DA48C98}.Release|Any CPU.ActiveCfg = Release|Any CPU
		{B71FE902-42EA-4233-B0ED-16A74DA48C98}.Release|Any CPU.Build.0 = Release|Any CPU
		{360E82D3-CD3D-47C8-AD33-DACDFEECC781}.Debug|Any CPU.ActiveCfg = Debug|Any CPU
		{360E82D3-CD3D-47C8-AD33-DACDFEECC781}.Debug|Any CPU.Build.0 = Debug|Any CPU
		{360E82D3-CD3D-47C8-AD33-DACDFEECC781}.Release|Any CPU.ActiveCfg = Release|Any CPU
		{360E82D3-CD3D-47C8-AD33-DACDFEECC781}.Release|Any CPU.Build.0 = Release|Any CPU
	EndGlobalSection
	GlobalSection(SolutionProperties) = preSolution
		HideSolutionNode = FALSE
	EndGlobalSection
	GlobalSection(ExtensibilityGlobals) = postSolution
		SolutionGuid = {866CC6B3-3366-4BAE-ABF1-B9A93FDBE07C}
	EndGlobalSection
EndGlobal
